{
    "_readme": [
        "This file locks the dependencies of your project to a known state",
        "Read more about it at https://getcomposer.org/doc/01-basic-usage.md#installing-dependencies",
        "This file is @generated automatically"
    ],
    "content-hash": "9367f7110e3dc777db5be3b2484f73dd",
    "packages": [
        {
            "name": "monetha/payment-plugin-php-sdk",
            "version": "dev-process-shipping-discounts-on-shop-side",
            "source": {
                "type": "git",
                "url": "https://github.com/monetha/payment-plugin-php-sdk.git",
                "reference": "6298ccbdf49ca47e619f03147ae4a480f2a088b6"
            },
            "dist": {
                "type": "zip",
                "url": "https://api.github.com/repos/monetha/payment-plugin-php-sdk/zipball/6298ccbdf49ca47e619f03147ae4a480f2a088b6",
                "reference": "6298ccbdf49ca47e619f03147ae4a480f2a088b6",
                "shasum": ""
            },
            "require": {
                "ext-curl": "*",
                "ext-json": "*"
            },
            "type": "library",
            "autoload": {
                "psr-4": {
                    "Monetha\\": "src/Monetha/"
                }
            },
            "authors": [
                {
                    "name": "Alexander Hitrov",
                    "email": "alexander.hitrov@monetha.io"
                }
            ],
            "support": {
                "source": "https://github.com/monetha/payment-plugin-php-sdk/tree/process-shipping-discounts-on-shop-side",
                "issues": "https://github.com/monetha/payment-plugin-php-sdk/issues"
            },
            "time": "2019-06-25T11:22:56+00:00"
        },
        {
            "name": "monetha/prestashop-plugin-base",
            "version": "dev-implementing-return-url",
            "source": {
                "type": "git",
                "url": "https://github.com/monetha/prestashop-plugin-base.git",
                "reference": "0d34f1ce8ce43b03dd1e58f5a4a0ea8a8343d5c9"
            },
            "dist": {
                "type": "zip",
                "url": "https://api.github.com/repos/monetha/prestashop-plugin-base/zipball/0d34f1ce8ce43b03dd1e58f5a4a0ea8a8343d5c9",
                "reference": "0d34f1ce8ce43b03dd1e58f5a4a0ea8a8343d5c9",
                "shasum": ""
            },
            "type": "library",
            "autoload": {
                "psr-4": {
                    "Monetha\\": "src/Monetha/"
                }
            },
            "authors": [
                {
                    "name": "Alexander Hitrov",
                    "email": "alexander.hitrov@monetha.io"
                }
            ],
            "support": {
                "source": "https://github.com/monetha/prestashop-plugin-base/tree/implementing-return-url",
                "issues": "https://github.com/monetha/prestashop-plugin-base/issues"
            },
            "time": "2019-06-25T11:28:47+00:00"
        }
    ],
    "packages-dev": [],
    "aliases": [],
    "minimum-stability": "stable",
    "stability-flags": {
        "monetha/prestashop-plugin-base": 20,
        "monetha/payment-plugin-php-sdk": 20
    },
    "prefer-stable": false,
    "prefer-lowest": false,
    "platform": {
        "ext-json": "*"
    },
    "platform-dev": []
}
